
Microsoft Visual Studio Solution File, Format Version 12.00
Project("{FAE04EC0-301F-11D3-BF4B-00C04F79EFBC}") = "Ple", "Ple\Ple.csproj", "{4BC95A0F-DBF5-43E6-A1E1-9E18F1D96288}"
EndProject
Global
	GlobalSection(SolutionConfigurationPlatforms) = preSolution
		Debug|Any CPU = Debug|Any CPU
		Release|Any CPU = Release|Any CPU
	EndGlobalSection
	GlobalSection(ProjectConfigurationPlatforms) = postSolution
		{4BC95A0F-DBF5-43E6-A1E1-9E18F1D96288}.Debug|Any CPU.ActiveCfg = Debug|Any CPU
		{4BC95A0F-DBF5-43E6-A1E1-9E18F1D96288}.Debug|Any CPU.Build.0 = Debug|Any CPU
		{4BC95A0F-DBF5-43E6-A1E1-9E18F1D96288}.Release|Any CPU.ActiveCfg = Release|Any CPU
		{4BC95A0F-DBF5-43E6-A1E1-9E18F1D96288}.Release|Any CPU.Build.0 = Release|Any CPU
	EndGlobalSection
EndGlobal
